set_global_assignment -name FAMILY "Cyclone V"
set_global_assignment -name DEVICE 5CSXFC6D6F31C6
set_global_assignment -name TOP_LEVEL_ENTITY conv
set_global_assignment -name ORIGINAL_QUARTUS_VERSION 23.1.0
set_global_assignment -name PROJECT_CREATION_TIME_DATE "10:45:00 SEPTEMBER 21, 2026"
set_global_assignment -name LAST_QUARTUS_VERSION "23.1std.0 Lite Edition"
set_global_assignment -name PROJECT_OUTPUT_DIRECTORY output_files

set_global_assignment -name VERILOG_FILE rtl/conv.v
set_global_assignment -name SDC_FILE conv.sdc

set_global_assignment -name MIN_CORE_JUNCTION_TEMP 0
set_global_assignment -name MAX_CORE_JUNCTION_TEMP 85
set_global_assignment -name POWER_PRESET_COOLING_SOLUTION "23 MM HEAT SINK WITH 200 LFPM AIRFLOW"
set_global_assignment -name POWER_BOARD_THERMAL_MODEL "NONE (CONSERVATIVE)"
